// !$*UTF8*$!
{
	archiveVersion = 1;
	classes = {
	};
	objectVersion = 77;
	objects = {

/* Begin PBXBuildFile section */
		6A1000012FA7000000F80C02 /* InstaPasteKeyboard.appex in Embed App Extensions */ = {isa = PBXBuildFile; fileRef = 6A1000022FA7000000F80C02 /* InstaPasteKeyboard.appex */; settings = {ATTRIBUTES = (RemoveHeadersOnCopy, ); }; };
/* End PBXBuildFile section */

/* Begin PBXContainerItemProxy section */
		48F07A1A2FA68D9A00F80C02 /* PBXContainerItemProxy */ = {
			isa = PBXContainerItemProxy;
			containerPortal = 48F07A042FA68D9800F80C02 /* Project object */;
			proxyType = 1;
			remoteGlobalIDString = 48F07A0B2FA68D9800F80C02;
			remoteInfo = InstaPaste;
		};
		48F07A242FA68D9A00F80C02 /* PBXContainerItemProxy */ = {
			isa = PBXContainerItemProxy;
			containerPortal = 48F07A042FA68D9800F80C02 /* Project object */;
			proxyType = 1;
			remoteGlobalIDString = 48F07A0B2FA68D9800F80C02;
			remoteInfo = InstaPaste;
		};
		6A1000032FA7000000F80C02 /* PBXContainerItemProxy */ = {
			isa = PBXContainerItemProxy;
			containerPortal = 48F07A042FA68D9800F80C02 /* Project object */;
			proxyType = 1;
			remoteGlobalIDString = 6A1000082FA7000000F80C02;
			remoteInfo = InstaPasteKeyboard;
		};
/* End PBXContainerItemProxy section */

/* Begin PBXCopyFilesBuildPhase section */
		6A1000042FA7000000F80C02 /* Embed App Extensions */ = {
			isa = PBXCopyFilesBuildPhase;
			buildActionMask = 2147483647;
			dstPath = "";
			dstSubfolderSpec = 13;
			files = (
				6A1000012FA7000000F80C02 /* InstaPasteKeyboard.appex in Embed App Extensions */,
			);
			name = "Embed App Extensions";
			runOnlyForDeploymentPostprocessing = 0;
		};
/* End PBXCopyFilesBuildPhase section */

/* Begin PBXFileReference section */
		48F07A0C2FA68D9800F80C02 /* InstaPaste.app */ = {isa = PBXFileReference; explicitFileType = wrapper.application; includeInIndex = 0; path = InstaPaste.app; sourceTree = BUILT_PRODUCTS_DIR; };
		48F07A192FA68D9A00F80C02 /* InstaPasteTests.xctest */ = {isa = PBXFileReference; explicitFileType = wrapper.cfbundle; includeInIndex = 0; path = InstaPasteTests.xctest; sourceTree = BUILT_PRODUCTS_DIR; };
		48F07A232FA68D9A00F80C02 /* InstaPasteUITests.xctest */ = {isa = PBXFileReference; explicitFileType = wrapper.cfbundle; includeInIndex = 0; path = InstaPasteUITests.xctest; sourceTree = BUILT_PRODUCTS_DIR; };
		6A1000022FA7000000F80C02 /* InstaPasteKeyboard.appex */ = {isa = PBXFileReference; explicitFileType = "wrapper.app-extension"; includeInIndex = 0; path = InstaPasteKeyboard.appex; sourceTree = BUILT_PRODUCTS_DIR; };
/* End PBXFileReference section */

/* Begin PBXFileSystemSynchronizedRootGroup section */
		48F07A0E2FA68D9800F80C02 /* InstaPaste */ = {
			isa = PBXFileSystemSynchronizedRootGroup;
			path = InstaPaste;
			sourceTree = "<group>";
		};
		48F07A1C2FA68D9A00F80C02 /* InstaPasteTests */ = {
			isa = PBXFileSystemSynchronizedRootGroup;
			path = InstaPasteTests;
			sourceTree = "<group>";
		};
		48F07A262FA68D9A00F80C02 /* InstaPasteUITests */ = {
			isa = PBXFileSystemSynchronizedRootGroup;
			path = InstaPasteUITests;
			sourceTree = "<group>";
		};
		6A1000052FA7000000F80C02 /* InstaPaste/Shared */ = {
			isa = PBXFileSystemSynchronizedRootGroup;
			path = InstaPaste/Shared;
			sourceTree = "<group>";
		};
		6A1000062FA7000000F80C02 /* InstaPaste/KeyboardExtension */ = {
			isa = PBXFileSystemSynchronizedRootGroup;
			path = InstaPaste/KeyboardExtension;
			sourceTree = "<group>";
		};
/* End PBXFileSystemSynchronizedRootGroup section */

/* Begin PBXFrameworksBuildPhase section */
		48F07A092FA68D9800F80C02 /* Frameworks */ = {
			isa = PBXFrameworksBuildPhase;
			buildActionMask = 2147483647;
			files = (
			);
			runOnlyForDeploymentPostprocessing = 0;
		};
		48F07A162FA68D9A00F80C02 /* Frameworks */ = {
			isa = PBXFrameworksBuildPhase;
			buildActionMask = 2147483647;
			files = (
			);
			runOnlyForDeploymentPostprocessing = 0;
		};
		48F07A202FA68D9A00F80C02 /* Frameworks */ = {
			isa = PBXFrameworksBuildPhase;
			buildActionMask = 2147483647;
			files = (
			);
			runOnlyForDeploymentPostprocessing = 0;
		};
		6A10000A2FA7000000F80C02 /* Frameworks */ = {
			isa = PBXFrameworksBuildPhase;
			buildActionMask = 2147483647;
			files = (
			);
			runOnlyForDeploymentPostprocessing = 0;
		};
/* End PBXFrameworksBuildPhase section */

/* Begin PBXGroup section */
		48F07A032FA68D9800F80C02 = {
			isa = PBXGroup;
			children = (
				48F07A0E2FA68D9800F80C02 /* InstaPaste */,
				48F07A1C2FA68D9A00F80C02 /* InstaPasteTests */,
				48F07A262FA68D9A00F80C02 /* InstaPasteUITests */,
				6A1000052FA7000000F80C02 /* InstaPaste/Shared */,
				6A1000062FA7000000F80C02 /* InstaPaste/KeyboardExtension */,
				48F07A0D2FA68D9800F80C02 /* Products */,
			);
			sourceTree = "<group>";
		};
		48F07A0D2FA68D9800F80C02 /* Products */ = {
			isa = PBXGroup;
			children = (
				48F07A0C2FA68D9800F80C02 /* InstaPaste.app */,
				48F07A192FA68D9A00F80C02 /* InstaPasteTests.xctest */,
				48F07A232FA68D9A00F80C02 /* InstaPasteUITests.xctest */,
				6A1000022FA7000000F80C02 /* InstaPasteKeyboard.appex */,
			);
			name = Products;
			sourceTree = "<group>";
		};
/* End PBXGroup section */

/* Begin PBXNativeTarget section */
		48F07A0B2FA68D9800F80C02 /* InstaPaste */ = {
			isa = PBXNativeTarget;
			buildConfigurationList = 48F07A2D2FA68D9A00F80C02 /* Build configuration list for PBXNativeTarget "InstaPaste" */;
			buildPhases = (
				48F07A082FA68D9800F80C02 /* Sources */,
				48F07A092FA68D9800F80C02 /* Frameworks */,
				48F07A0A2FA68D9800F80C02 /* Resources */,
				6A1000042FA7000000F80C02 /* Embed App Extensions */,
			);
			buildRules = (
			);
			dependencies = (
				6A1000072FA7000000F80C02 /* PBXTargetDependency */,
			);
			fileSystemSynchronizedGroups = (
				48F07A0E2FA68D9800F80C02 /* InstaPaste */,
			);
			name = InstaPaste;
			packageProductDependencies = (
			);
			productName = InstaPaste;
			productReference = 48F07A0C2FA68D9800F80C02 /* InstaPaste.app */;
			productType = "com.apple.product-type.application";
		};
		48F07A182FA68D9A00F80C02 /* InstaPasteTests */ = {
			isa = PBXNativeTarget;
			buildConfigurationList = 48F07A302FA68D9A00F80C02 /* Build configuration list for PBXNativeTarget "InstaPasteTests" */;
			buildPhases = (
				48F07A152FA68D9A00F80C02 /* Sources */,
				48F07A162FA68D9A00F80C02 /* Frameworks */,
				48F07A172FA68D9A00F80C02 /* Resources */,
			);
			buildRules = (
			);
			dependencies = (
				48F07A1B2FA68D9A00F80C02 /* PBXTargetDependency */,
			);
			fileSystemSynchronizedGroups = (
				48F07A1C2FA68D9A00F80C02 /* InstaPasteTests */,
			);
			name = InstaPasteTests;
			packageProductDependencies = (
			);
			productName = InstaPasteTests;
			productReference = 48F07A192FA68D9A00F80C02 /* InstaPasteTests.xctest */;
			productType = "com.apple.product-type.bundle.unit-test";
		};
		48F07A222FA68D9A00F80C02 /* InstaPasteUITests */ = {
			isa = PBXNativeTarget;
			buildConfigurationList = 48F07A332FA68D9A00F80C02 /* Build configuration list for PBXNativeTarget "InstaPasteUITests" */;
			buildPhases = (
				48F07A1F2FA68D9A00F80C02 /* Sources */,
				48F07A202FA68D9A00F80C02 /* Frameworks */,
				48F07A212FA68D9A00F80C02 /* Resources */,
			);
			buildRules = (
			);
			dependencies = (
				48F07A252FA68D9A00F80C02 /* PBXTargetDependency */,
			);
			fileSystemSynchronizedGroups = (
				48F07A262FA68D9A00F80C02 /* InstaPasteUITests */,
			);
			name = InstaPasteUITests;
			packageProductDependencies = (
			);
			productName = InstaPasteUITests;
			productReference = 48F07A232FA68D9A00F80C02 /* InstaPasteUITests.xctest */;
			productType = "com.apple.product-type.bundle.ui-testing";
		};
		6A1000082FA7000000F80C02 /* InstaPasteKeyboard */ = {
			isa = PBXNativeTarget;
			buildConfigurationList = 6A10000C2FA7000000F80C02 /* Build configuration list for PBXNativeTarget "InstaPasteKeyboard" */;
			buildPhases = (
				6A1000092FA7000000F80C02 /* Sources */,
				6A10000A2FA7000000F80C02 /* Frameworks */,
				6A10000B2FA7000000F80C02 /* Resources */,
			);
			buildRules = (
			);
			dependencies = (
			);
			fileSystemSynchronizedGroups = (
				6A1000052FA7000000F80C02 /* InstaPaste/Shared */,
				6A1000062FA7000000F80C02 /* InstaPaste/KeyboardExtension */,
			);
			name = InstaPasteKeyboard;
			packageProductDependencies = (
			);
			productName = InstaPasteKeyboard;
			productReference = 6A1000022FA7000000F80C02 /* InstaPasteKeyboard.appex */;
			productType = "com.apple.product-type.app-extension";
		};
/* End PBXNativeTarget section */

/* Begin PBXProject section */
		48F07A042FA68D9800F80C02 /* Project object */ = {
			isa = PBXProject;
			attributes = {
				BuildIndependentTargetsInParallel = 1;
				LastSwiftUpdateCheck = 2640;
				LastUpgradeCheck = 2640;
				TargetAttributes = {
					48F07A0B2FA68D9800F80C02 = {
						CreatedOnToolsVersion = 26.4.1;
					};
					48F07A182FA68D9A00F80C02 = {
						CreatedOnToolsVersion = 26.4.1;
						TestTargetID = 48F07A0B2FA68D9800F80C02;
					};
					48F07A222FA68D9A00F80C02 = {
						CreatedOnToolsVersion = 26.4.1;
						TestTargetID = 48F07A0B2FA68D9800F80C02;
					};
					6A1000082FA7000000F80C02 = {
						CreatedOnToolsVersion = 26.4.1;
					};
				};
			};
			buildConfigurationList = 48F07A072FA68D9800F80C02 /* Build configuration list for PBXProject "InstaPaste" */;
			developmentRegion = en;
			hasScannedForEncodings = 0;
			knownRegions = (
				en,
				Base,
			);
			mainGroup = 48F07A032FA68D9800F80C02;
			minimizedProjectReferenceProxies = 1;
			preferredProjectObjectVersion = 77;
			productRefGroup = 48F07A0D2FA68D9800F80C02 /* Products */;
			projectDirPath = "";
			projectRoot = "";
			targets = (
				48F07A0B2FA68D9800F80C02 /* InstaPaste */,
				48F07A182FA68D9A00F80C02 /* InstaPasteTests */,
				48F07A222FA68D9A00F80C02 /* InstaPasteUITests */,
				6A1000082FA7000000F80C02 /* InstaPasteKeyboard */,
			);
		};
/* End PBXProject section */

/* Begin PBXResourcesBuildPhase section */
		48F07A0A2FA68D9800F80C02 /* Resources */ = {
			isa = PBXResourcesBuildPhase;
			buildActionMask = 2147483647;
			files = (
			);
			runOnlyForDeploymentPostprocessing = 0;
		};
		48F07A172FA68D9A00F80C02 /* Resources */ = {
			isa = PBXResourcesBuildPhase;
			buildActionMask = 2147483647;
			files = (
			);
			runOnlyForDeploymentPostprocessing = 0;
		};
		48F07A212FA68D9A00F80C02 /* Resources */ = {
			isa = PBXResourcesBuildPhase;
			buildActionMask = 2147483647;
			files = (
			);
			runOnlyForDeploymentPostprocessing = 0;
		};
		6A10000B2FA7000000F80C02 /* Resources */ = {
			isa = PBXResourcesBuildPhase;
			buildActionMask = 2147483647;
			files = (
			);
			runOnlyForDeploymentPostprocessing = 0;
		};
/* End PBXResourcesBuildPhase section */

/* Begin PBXSourcesBuildPhase section */
		48F07A082FA68D9800F80C02 /* Sources */ = {
			isa = PBXSourcesBuildPhase;
			buildActionMask = 2147483647;
			files = (
			);
			runOnlyForDeploymentPostprocessing = 0;
		};
		48F07A152FA68D9A00F80C02 /* Sources */ = {
			isa = PBXSourcesBuildPhase;
			buildActionMask = 2147483647;
			files = (
			);
			runOnlyForDeploymentPostprocessing = 0;
		};
		48F07A1F2FA68D9A00F80C02 /* Sources */ = {
			isa = PBXSourcesBuildPhase;
			buildActionMask = 2147483647;
			files = (
			);
			runOnlyForDeploymentPostprocessing = 0;
		};
		6A1000092FA7000000F80C02 /* Sources */ = {
			isa = PBXSourcesBuildPhase;
			buildActionMask = 2147483647;
			files = (
			);
			runOnlyForDeploymentPostprocessing = 0;
		};
/* End PBXSourcesBuildPhase section */

/* Begin PBXTargetDependency section */
		48F07A1B2FA68D9A00F80C02 /* PBXTargetDependency */ = {
			isa = PBXTargetDependency;
			target = 48F07A0B2FA68D9800F80C02 /* InstaPaste */;
			targetProxy = 48F07A1A2FA68D9A00F80C02 /* PBXContainerItemProxy */;
		};
		48F07A252FA68D9A00F80C02 /* PBXTargetDependency */ = {
			isa = PBXTargetDependency;
			target = 48F07A0B2FA68D9800F80C02 /* InstaPaste */;
			targetProxy = 48F07A242FA68D9A00F80C02 /* PBXContainerItemProxy */;
		};
		6A1000072FA7000000F80C02 /* PBXTargetDependency */ = {
			isa = PBXTargetDependency;
			target = 6A1000082FA7000000F80C02 /* InstaPasteKeyboard */;
			targetProxy = 6A1000032FA7000000F80C02 /* PBXContainerItemProxy */;
		};
/* End PBXTargetDependency section */

/* Begin XCBuildConfiguration section */
		48F07A2B2FA68D9A00F80C02 /* Debug */ = {
			isa = XCBuildConfiguration;
			buildSettings = {
				ALWAYS_SEARCH_USER_PATHS = NO;
				ASSETCATALOG_COMPILER_GENERATE_SWIFT_ASSET_SYMBOL_EXTENSIONS = YES;
				CLANG_ANALYZER_NONNULL = YES;
				CLANG_ANALYZER_NUMBER_OBJECT_CONVERSION = YES_AGGRESSIVE;
				CLANG_CXX_LANGUAGE_STANDARD = "gnu++20";
				CLANG_ENABLE_MODULES = YES;
				CLANG_ENABLE_OBJC_ARC = YES;
				CLANG_ENABLE_OBJC_WEAK = YES;
				CLANG_WARN_BLOCK_CAPTURE_AUTORELEASING = YES;
				CLANG_WARN_BOOL_CONVERSION = YES;
				CLANG_WARN_COMMA = YES;
				CLANG_WARN_CONSTANT_CONVERSION = YES;
				CLANG_WARN_DEPRECATED_OBJC_IMPLEMENTATIONS = YES;
				CLANG_WARN_DIRECT_OBJC_ISA_USAGE = YES_ERROR;
				CLANG_WARN_DOCUMENTATION_COMMENTS = YES;
				CLANG_WARN_EMPTY_BODY = YES;
				CLANG_WARN_ENUM_CONVERSION = YES;
				CLANG_WARN_INFINITE_RECURSION = YES;
				CLANG_WARN_INT_CONVERSION = YES;
				CLANG_WARN_NON_LITERAL_NULL_CONVERSION = YES;
				CLANG_WARN_OBJC_IMPLICIT_RETAIN_SELF = YES;
				CLANG_WARN_OBJC_LITERAL_CONVERSION = YES;
				CLANG_WARN_OBJC_ROOT_CLASS = YES_ERROR;
				CLANG_WARN_QUOTED_INCLUDE_IN_FRAMEWORK_HEADER = YES;
				CLANG_WARN_RANGE_LOOP_ANALYSIS = YES;
				CLANG_WARN_STRICT_PROTOTYPES = YES;
				CLANG_WARN_SUSPICIOUS_MOVE = YES;
				CLANG_WARN_UNGUARDED_AVAILABILITY = YES_AGGRESSIVE;
				CLANG_WARN_UNREACHABLE_CODE = YES;
				CLANG_WARN__DUPLICATE_METHOD_MATCH = YES;
				COPY_PHASE_STRIP = NO;
				DEBUG_INFORMATION_FORMAT = dwarf;
				DEVELOPMENT_TEAM = VX7G9FKGD9;
				ENABLE_STRICT_OBJC_MSGSEND = YES;
				ENABLE_TESTABILITY = YES;
				ENABLE_USER_SCRIPT_SANDBOXING = YES;
				GCC_C_LANGUAGE_STANDARD = gnu17;
				GCC_DYNAMIC_NO_PIC = NO;
				GCC_NO_COMMON_BLOCKS = YES;
				GCC_OPTIMIZATION_LEVEL = 0;
				GCC_PREPROCESSOR_DEFINITIONS = (
					"DEBUG=1",
					"$(inherited)",
				);
				GCC_WARN_64_TO_32_BIT_CONVERSION = YES;
				GCC_WARN_ABOUT_RETURN_TYPE = YES_ERROR;
				GCC_WARN_UNDECLARED_SELECTOR = YES;
				GCC_WARN_UNINITIALIZED_AUTOS = YES_AGGRESSIVE;
				GCC_WARN_UNUSED_FUNCTION = YES;
				GCC_WARN_UNUSED_VARIABLE = YES;
				IPHONEOS_DEPLOYMENT_TARGET = 16.0;
				LOCALIZATION_PREFERS_STRING_CATALOGS = YES;
				MTL_ENABLE_DEBUG_INFO = INCLUDE_SOURCE;
				MTL_FAST_MATH = YES;
				ONLY_ACTIVE_ARCH = YES;
				SDKROOT = iphoneos;
				SWIFT_ACTIVE_COMPILATION_CONDITIONS = "DEBUG $(inherited)";
				SWIFT_OPTIMIZATION_LEVEL = "-Onone";
			};
			name = Debug;
		};
		48F07A2C2FA68D9A00F80C02 /* Release */ = {
			isa = XCBuildConfiguration;
			buildSettings = {
				ALWAYS_SEARCH_USER_PATHS = NO;
				ASSETCATALOG_COMPILER_GENERATE_SWIFT_ASSET_SYMBOL_EXTENSIONS = YES;
				CLANG_ANALYZER_NONNULL = YES;
				CLANG_ANALYZER_NUMBER_OBJECT_CONVERSION = YES_AGGRESSIVE;
				CLANG_CXX_LANGUAGE_STANDARD = "gnu++20";
				CLANG_ENABLE_MODULES = YES;
				CLANG_ENABLE_OBJC_ARC = YES;
				CLANG_ENABLE_OBJC_WEAK = YES;
				CLANG_WARN_BLOCK_CAPTURE_AUTORELEASING = YES;
				CLANG_WARN_BOOL_CONVERSION = YES;
				CLANG_WARN_COMMA = YES;
				CLANG_WARN_CONSTANT_CONVERSION = YES;
				CLANG_WARN_DEPRECATED_OBJC_IMPLEMENTATIONS = YES;
				CLANG_WARN_DIRECT_OBJC_ISA_USAGE = YES_ERROR;
				CLANG_WARN_DOCUMENTATION_COMMENTS = YES;
				CLANG_WARN_EMPTY_BODY = YES;
				CLANG_WARN_ENUM_CONVERSION = YES;
				CLANG_WARN_INFINITE_RECURSION = YES;
				CLANG_WARN_INT_CONVERSION = YES;
				CLANG_WARN_NON_LITERAL_NULL_CONVERSION = YES;
				CLANG_WARN_OBJC_IMPLICIT_RETAIN_SELF = YES;
				CLANG_WARN_OBJC_LITERAL_CONVERSION = YES;
				CLANG_WARN_OBJC_ROOT_CLASS = YES_ERROR;
				CLANG_WARN_QUOTED_INCLUDE_IN_FRAMEWORK_HEADER = YES;
				CLANG_WARN_RANGE_LOOP_ANALYSIS = YES;
				CLANG_WARN_STRICT_PROTOTYPES = YES;
				CLANG_WARN_SUSPICIOUS_MOVE = YES;
				CLANG_WARN_UNGUARDED_AVAILABILITY = YES_AGGRESSIVE;
				CLANG_WARN_UNREACHABLE_CODE = YES;
				CLANG_WARN__DUPLICATE_METHOD_MATCH = YES;
				COPY_PHASE_STRIP = NO;
				DEBUG_INFORMATION_FORMAT = "dwarf-with-dsym";
				DEVELOPMENT_TEAM = VX7G9FKGD9;
				ENABLE_NS_ASSERTIONS = NO;
				ENABLE_STRICT_OBJC_MSGSEND = YES;
				ENABLE_USER_SCRIPT_SANDBOXING = YES;
				GCC_C_LANGUAGE_STANDARD = gnu17;
				GCC_NO_COMMON_BLOCKS = YES;
				GCC_WARN_64_TO_32_BIT_CONVERSION = YES;
				GCC_WARN_ABOUT_RETURN_TYPE = YES_ERROR;
				GCC_WARN_UNDECLARED_SELECTOR = YES;
				GCC_WARN_UNINITIALIZED_AUTOS = YES_AGGRESSIVE;
				GCC_WARN_UNUSED_FUNCTION = YES;
				GCC_WARN_UNUSED_VARIABLE = YES;
				IPHONEOS_DEPLOYMENT_TARGET = 16.0;
				LOCALIZATION_PREFERS_STRING_CATALOGS = YES;
				MTL_ENABLE_DEBUG_INFO = NO;
				MTL_FAST_MATH = YES;
				SDKROOT = iphoneos;
				SWIFT_COMPILATION_MODE = wholemodule;
				VALIDATE_PRODUCT = YES;
			};
			name = Release;
		};
		48F07A2E2FA68D9A00F80C02 /* Debug */ = {
			isa = XCBuildConfiguration;
			buildSettings = {
				ASSETCATALOG_COMPILER_APPICON_NAME = AppIcon;
				ASSETCATALOG_COMPILER_GLOBAL_ACCENT_COLOR_NAME = AccentColor;
				CODE_SIGN_ENTITLEMENTS = InstaPaste/InstaPaste.entitlements;
				CODE_SIGN_STYLE = Automatic;
				CURRENT_PROJECT_VERSION = 1;
				DEVELOPMENT_TEAM = VX7G9FKGD9;
				ENABLE_PREVIEWS = YES;
				GENERATE_INFOPLIST_FILE = YES;
				INFOPLIST_KEY_UIApplicationSceneManifest_Generation = YES;
				INFOPLIST_KEY_UIApplicationSupportsIndirectInputEvents = YES;
				INFOPLIST_KEY_UILaunchScreen_Generation = YES;
				INFOPLIST_KEY_UISupportedInterfaceOrientations_iPad = "UIInterfaceOrientationPortrait UIInterfaceOrientationPortraitUpsideDown UIInterfaceOrientationLandscapeLeft UIInterfaceOrientationLandscapeRight";
				INFOPLIST_KEY_UISupportedInterfaceOrientations_iPhone = "UIInterfaceOrientationPortrait UIInterfaceOrientationLandscapeLeft UIInterfaceOrientationLandscapeRight";
				IPHONEOS_DEPLOYMENT_TARGET = 16.0;
				LD_RUNPATH_SEARCH_PATHS = (
					"$(inherited)",
					"@executable_path/Frameworks",
				);
				MARKETING_VERSION = 1.0;
				PRODUCT_BUNDLE_IDENTIFIER = alpacas.InstaPaste;
				PRODUCT_NAME = "$(TARGET_NAME)";
				STRING_CATALOG_GENERATE_SYMBOLS = YES;
				SWIFT_APPROACHABLE_CONCURRENCY = YES;
				SWIFT_DEFAULT_ACTOR_ISOLATION = MainActor;
				SWIFT_EMIT_LOC_STRINGS = YES;
				SWIFT_UPCOMING_FEATURE_MEMBER_IMPORT_VISIBILITY = YES;
				SWIFT_VERSION = 5.0;
				TARGETED_DEVICE_FAMILY = "1,2";
			};
			name = Debug;
		};
		48F07A2F2FA68D9A00F80C02 /* Release */ = {
			isa = XCBuildConfiguration;
			buildSettings = {
				ASSETCATALOG_COMPILER_APPICON_NAME = AppIcon;
				ASSETCATALOG_COMPILER_GLOBAL_ACCENT_COLOR_NAME = AccentColor;
				CODE_SIGN_ENTITLEMENTS = InstaPaste/InstaPaste.entitlements;
				CODE_SIGN_STYLE = Automatic;
				CURRENT_PROJECT_VERSION = 1;
				DEVELOPMENT_TEAM = VX7G9FKGD9;
				ENABLE_PREVIEWS = YES;
				GENERATE_INFOPLIST_FILE = YES;
				INFOPLIST_KEY_UIApplicationSceneManifest_Generation = YES;
				INFOPLIST_KEY_UIApplicationSupportsIndirectInputEvents = YES;
				INFOPLIST_KEY_UILaunchScreen_Generation = YES;
				INFOPLIST_KEY_UISupportedInterfaceOrientations_iPad = "UIInterfaceOrientationPortrait UIInterfaceOrientationPortraitUpsideDown UIInterfaceOrientationLandscapeLeft UIInterfaceOrientationLandscapeRight";
				INFOPLIST_KEY_UISupportedInterfaceOrientations_iPhone = "UIInterfaceOrientationPortrait UIInterfaceOrientationLandscapeLeft UIInterfaceOrientationLandscapeRight";
				IPHONEOS_DEPLOYMENT_TARGET = 16.0;
				LD_RUNPATH_SEARCH_PATHS = (
					"$(inherited)",
					"@executable_path/Frameworks",
				);
				MARKETING_VERSION = 1.0;
				PRODUCT_BUNDLE_IDENTIFIER = alpacas.InstaPaste;
				PRODUCT_NAME = "$(TARGET_NAME)";
				STRING_CATALOG_GENERATE_SYMBOLS = YES;
				SWIFT_APPROACHABLE_CONCURRENCY = YES;
				SWIFT_DEFAULT_ACTOR_ISOLATION = MainActor;
				SWIFT_EMIT_LOC_STRINGS = YES;
				SWIFT_UPCOMING_FEATURE_MEMBER_IMPORT_VISIBILITY = YES;
				SWIFT_VERSION = 5.0;
				TARGETED_DEVICE_FAMILY = "1,2";
			};
			name = Release;
		};
		48F07A312FA68D9A00F80C02 /* Debug */ = {
			isa = XCBuildConfiguration;
			buildSettings = {
				BUNDLE_LOADER = "$(TEST_HOST)";
				CODE_SIGN_STYLE = Automatic;
				CURRENT_PROJECT_VERSION = 1;
				DEVELOPMENT_TEAM = VX7G9FKGD9;
				GENERATE_INFOPLIST_FILE = YES;
				IPHONEOS_DEPLOYMENT_TARGET = 16.0;
				MARKETING_VERSION = 1.0;
				PRODUCT_BUNDLE_IDENTIFIER = alpacas.InstaPasteTests;
				PRODUCT_NAME = "$(TARGET_NAME)";
				STRING_CATALOG_GENERATE_SYMBOLS = NO;
				SWIFT_APPROACHABLE_CONCURRENCY = YES;
				SWIFT_EMIT_LOC_STRINGS = NO;
				SWIFT_UPCOMING_FEATURE_MEMBER_IMPORT_VISIBILITY = YES;
				SWIFT_VERSION = 5.0;
				TARGETED_DEVICE_FAMILY = "1,2";
				TEST_HOST = "$(BUILT_PRODUCTS_DIR)/InstaPaste.app/$(BUNDLE_EXECUTABLE_FOLDER_PATH)/InstaPaste";
			};
			name = Debug;
		};
		48F07A322FA68D9A00F80C02 /* Release */ = {
			isa = XCBuildConfiguration;
			buildSettings = {
				BUNDLE_LOADER = "$(TEST_HOST)";
				CODE_SIGN_STYLE = Automatic;
				CURRENT_PROJECT_VERSION = 1;
				DEVELOPMENT_TEAM = VX7G9FKGD9;
				GENERATE_INFOPLIST_FILE = YES;
				IPHONEOS_DEPLOYMENT_TARGET = 16.0;
				MARKETING_VERSION = 1.0;
				PRODUCT_BUNDLE_IDENTIFIER = alpacas.InstaPasteTests;
				PRODUCT_NAME = "$(TARGET_NAME)";
				STRING_CATALOG_GENERATE_SYMBOLS = NO;
				SWIFT_APPROACHABLE_CONCURRENCY = YES;
				SWIFT_EMIT_LOC_STRINGS = NO;
				SWIFT_UPCOMING_FEATURE_MEMBER_IMPORT_VISIBILITY = YES;
				SWIFT_VERSION = 5.0;
				TARGETED_DEVICE_FAMILY = "1,2";
				TEST_HOST = "$(BUILT_PRODUCTS_DIR)/InstaPaste.app/$(BUNDLE_EXECUTABLE_FOLDER_PATH)/InstaPaste";
			};
			name = Release;
		};
		48F07A342FA68D9A00F80C02 /* Debug */ = {
			isa = XCBuildConfiguration;
			buildSettings = {
				CODE_SIGN_STYLE = Automatic;
				CURRENT_PROJECT_VERSION = 1;
				DEVELOPMENT_TEAM = VX7G9FKGD9;
				GENERATE_INFOPLIST_FILE = YES;
				IPHONEOS_DEPLOYMENT_TARGET = 16.0;
				MARKETING_VERSION = 1.0;
				PRODUCT_BUNDLE_IDENTIFIER = alpacas.InstaPasteUITests;
				PRODUCT_NAME = "$(TARGET_NAME)";
				STRING_CATALOG_GENERATE_SYMBOLS = NO;
				SWIFT_APPROACHABLE_CONCURRENCY = YES;
				SWIFT_EMIT_LOC_STRINGS = NO;
				SWIFT_UPCOMING_FEATURE_MEMBER_IMPORT_VISIBILITY = YES;
				SWIFT_VERSION = 5.0;
				TARGETED_DEVICE_FAMILY = "1,2";
				TEST_TARGET_NAME = InstaPaste;
			};
			name = Debug;
		};
		48F07A352FA68D9A00F80C02 /* Release */ = {
			isa = XCBuildConfiguration;
			buildSettings = {
				CODE_SIGN_STYLE = Automatic;
				CURRENT_PROJECT_VERSION = 1;
				DEVELOPMENT_TEAM = VX7G9FKGD9;
				GENERATE_INFOPLIST_FILE = YES;
				IPHONEOS_DEPLOYMENT_TARGET = 16.0;
				MARKETING_VERSION = 1.0;
				PRODUCT_BUNDLE_IDENTIFIER = alpacas.InstaPasteUITests;
				PRODUCT_NAME = "$(TARGET_NAME)";
				STRING_CATALOG_GENERATE_SYMBOLS = NO;
				SWIFT_APPROACHABLE_CONCURRENCY = YES;
				SWIFT_EMIT_LOC_STRINGS = NO;
				SWIFT_UPCOMING_FEATURE_MEMBER_IMPORT_VISIBILITY = YES;
				SWIFT_VERSION = 5.0;
				TARGETED_DEVICE_FAMILY = "1,2";
				TEST_TARGET_NAME = InstaPaste;
			};
			name = Release;
		};
		6A10000D2FA7000000F80C02 /* Debug */ = {
			isa = XCBuildConfiguration;
			buildSettings = {
				APPLICATION_EXTENSION_API_ONLY = YES;
				CODE_SIGN_ENTITLEMENTS = InstaPaste/KeyboardExtension/InstaPasteKeyboard.entitlements;
				CODE_SIGN_STYLE = Automatic;
				CURRENT_PROJECT_VERSION = 1;
				DEVELOPMENT_TEAM = VX7G9FKGD9;
				GENERATE_INFOPLIST_FILE = NO;
				INFOPLIST_FILE = "InstaPaste/InstaPasteKeyboard-Info.plist";
				IPHONEOS_DEPLOYMENT_TARGET = 16.0;
				LD_RUNPATH_SEARCH_PATHS = (
					"$(inherited)",
					"@executable_path/Frameworks",
					"@executable_path/../../Frameworks",
				);
				MARKETING_VERSION = 1.0;
				PRODUCT_BUNDLE_IDENTIFIER = alpacas.InstaPaste.InstaPasteKeyboard;
				PRODUCT_NAME = "$(TARGET_NAME)";
				SKIP_INSTALL = YES;
				STRING_CATALOG_GENERATE_SYMBOLS = YES;
				SWIFT_APPROACHABLE_CONCURRENCY = YES;
				SWIFT_DEFAULT_ACTOR_ISOLATION = MainActor;
				SWIFT_EMIT_LOC_STRINGS = YES;
				SWIFT_UPCOMING_FEATURE_MEMBER_IMPORT_VISIBILITY = YES;
				SWIFT_VERSION = 5.0;
				TARGETED_DEVICE_FAMILY = 1;
			};
			name = Debug;
		};
		6A10000E2FA7000000F80C02 /* Release */ = {
			isa = XCBuildConfiguration;
			buildSettings = {
				APPLICATION_EXTENSION_API_ONLY = YES;
				CODE_SIGN_ENTITLEMENTS = InstaPaste/KeyboardExtension/InstaPasteKeyboard.entitlements;
				CODE_SIGN_STYLE = Automatic;
				CURRENT_PROJECT_VERSION = 1;
				DEVELOPMENT_TEAM = VX7G9FKGD9;
				GENERATE_INFOPLIST_FILE = NO;
				INFOPLIST_FILE = "InstaPaste/InstaPasteKeyboard-Info.plist";
				IPHONEOS_DEPLOYMENT_TARGET = 16.0;
				LD_RUNPATH_SEARCH_PATHS = (
					"$(inherited)",
					"@executable_path/Frameworks",
					"@executable_path/../../Frameworks",
				);
				MARKETING_VERSION = 1.0;
				PRODUCT_BUNDLE_IDENTIFIER = alpacas.InstaPaste.InstaPasteKeyboard;
				PRODUCT_NAME = "$(TARGET_NAME)";
				SKIP_INSTALL = YES;
				STRING_CATALOG_GENERATE_SYMBOLS = YES;
				SWIFT_APPROACHABLE_CONCURRENCY = YES;
				SWIFT_DEFAULT_ACTOR_ISOLATION = MainActor;
				SWIFT_EMIT_LOC_STRINGS = YES;
				SWIFT_UPCOMING_FEATURE_MEMBER_IMPORT_VISIBILITY = YES;
				SWIFT_VERSION = 5.0;
				TARGETED_DEVICE_FAMILY = 1;
			};
			name = Release;
		};
/* End XCBuildConfiguration section */

/* Begin XCConfigurationList section */
		48F07A072FA68D9800F80C02 /* Build configuration list for PBXProject "InstaPaste" */ = {
			isa = XCConfigurationList;
			buildConfigurations = (
				48F07A2B2FA68D9A00F80C02 /* Debug */,
				48F07A2C2FA68D9A00F80C02 /* Release */,
			);
			defaultConfigurationIsVisible = 0;
			defaultConfigurationName = Release;
		};
		48F07A2D2FA68D9A00F80C02 /* Build configuration list for PBXNativeTarget "InstaPaste" */ = {
			isa = XCConfigurationList;
			buildConfigurations = (
				48F07A2E2FA68D9A00F80C02 /* Debug */,
				48F07A2F2FA68D9A00F80C02 /* Release */,
			);
			defaultConfigurationIsVisible = 0;
			defaultConfigurationName = Release;
		};
		48F07A302FA68D9A00F80C02 /* Build configuration list for PBXNativeTarget "InstaPasteTests" */ = {
			isa = XCConfigurationList;
			buildConfigurations = (
				48F07A312FA68D9A00F80C02 /* Debug */,
				48F07A322FA68D9A00F80C02 /* Release */,
			);
			defaultConfigurationIsVisible = 0;
			defaultConfigurationName = Release;
		};
		48F07A332FA68D9A00F80C02 /* Build configuration list for PBXNativeTarget "InstaPasteUITests" */ = {
			isa = XCConfigurationList;
			buildConfigurations = (
				48F07A342FA68D9A00F80C02 /* Debug */,
				48F07A352FA68D9A00F80C02 /* Release */,
			);
			defaultConfigurationIsVisible = 0;
			defaultConfigurationName = Release;
		};
		6A10000C2FA7000000F80C02 /* Build configuration list for PBXNativeTarget "InstaPasteKeyboard" */ = {
			isa = XCConfigurationList;
			buildConfigurations = (
				6A10000D2FA7000000F80C02 /* Debug */,
				6A10000E2FA7000000F80C02 /* Release */,
			);
			defaultConfigurationIsVisible = 0;
			defaultConfigurationName = Release;
		};
/* End XCConfigurationList section */
	};
	rootObject = 48F07A042FA68D9800F80C02 /* Project object */;
}
